
Microsoft Visual Studio Solution File, Format Version 9.00
# Visual Studio 2005
Project("{FAE04EC0-301F-11D3-BF4B-00C04F79EFBC}") = "Neurotic", "Neurotic\Neurotic.csproj", "{DD41AA16-53CF-47AB-A999-EA3AE660D2D7}"
EndProject
Project("{FAE04EC0-301F-11D3-BF4B-00C04F79EFBC}") = "test", "test\test.csproj", "{A59C4D38-533B-472F-AFB9-75FD69CA9E33}"
EndProject
Global
	GlobalSection(SolutionConfigurationPlatforms) = preSolution
		Debug|Any CPU = Debug|Any CPU
		Release|Any CPU = Release|Any CPU
	EndGlobalSection
	GlobalSection(ProjectConfigurationPlatforms) = postSolution
		{DD41AA16-53CF-47AB-A999-EA3AE660D2D7}.Debug|Any CPU.ActiveCfg = Debug|Any CPU
		{DD41AA16-53CF-47AB-A999-EA3AE660D2D7}.Debug|Any CPU.Build.0 = Debug|Any CPU
		{DD41AA16-53CF-47AB-A999-EA3AE660D2D7}.Release|Any CPU.ActiveCfg = Release|Any CPU
		{DD41AA16-53CF-47AB-A999-EA3AE660D2D7}.Release|Any CPU.Build.0 = Release|Any CPU
		{A59C4D38-533B-472F-AFB9-75FD69CA9E33}.Debug|Any CPU.ActiveCfg = Debug|Any CPU
		{A59C4D38-533B-472F-AFB9-75FD69CA9E33}.Debug|Any CPU.Build.0 = Debug|Any CPU
		{A59C4D38-533B-472F-AFB9-75FD69CA9E33}.Release|Any CPU.ActiveCfg = Release|Any CPU
		{A59C4D38-533B-472F-AFB9-75FD69CA9E33}.Release|Any CPU.Build.0 = Release|Any CPU
	EndGlobalSection
	GlobalSection(SolutionProperties) = preSolution
		HideSolutionNode = FALSE
	EndGlobalSection
EndGlobal
